
Microsoft Visual Studio Solution File, Format Version 12.00
# Visual Studio Version 17
VisualStudioVersion = 17.10.34928.147
MinimumVisualStudioVersion = 10.0.40219.1
Project("{FAE04EC0-301F-11D3-BF4B-00C04F79EFBC}") = "Lab.04", "Lab.04\Lab.04.csproj", "{46D1059F-6BF9-4E24-86AA-5B9AA5E014DE}"
EndProject
Global
	GlobalSection(SolutionConfigurationPlatforms) = preSolution
		Debug|Any CPU = Debug|Any CPU
		Release|Any CPU = Release|Any CPU
	EndGlobalSection
	GlobalSection(ProjectConfigurationPlatforms) = postSolution
		{46D1059F-6BF9-4E24-86AA-5B9AA5E014DE}.Debug|Any CPU.ActiveCfg = Debug|Any CPU
		{46D1059F-6BF9-4E24-86AA-5B9AA5E014DE}.Debug|Any CPU.Build.0 = Debug|Any CPU
		{46D1059F-6BF9-4E24-86AA-5B9AA5E014DE}.Release|Any CPU.ActiveCfg = Release|Any CPU
		{46D1059F-6BF9-4E24-86AA-5B9AA5E014DE}.Release|Any CPU.Build.0 = Release|Any CPU
	EndGlobalSection
	GlobalSection(SolutionProperties) = preSolution
		HideSolutionNode = FALSE
	EndGlobalSection
	GlobalSection(ExtensibilityGlobals) = postSolution
		SolutionGuid = {4E68E382-7AF6-4E7E-9F80-C2C4A562C0B7}
	EndGlobalSection
EndGlobal
